
Microsoft Visual Studio Solution File, Format Version 12.00
# Visual Studio Version 17
VisualStudioVersion = 17.0.31903.59
MinimumVisualStudioVersion = 10.0.40219.1
Project("{2150E333-8FDC-42A3-9474-1A3956D46DE8}") = "src", "src", "{827E0CD3-B72D-47B6-A68D-7590B98EB39B}"
EndProject
Project("{2150E333-8FDC-42A3-9474-1A3956D46DE8}") = "Authority", "Authority", "{D6C6F9FA-5BC1-ABB9-24E0-DD94CEBFC42E}"
EndProject
Project("{FAE04EC0-301F-11D3-BF4B-00C04F79EFBC}") = "Clinic.Authority.Api", "src\Authority\Clinic.Authority.Api\Clinic.Authority.Api.csproj", "{7DF8D791-C13C-466B-B8E6-B544482338D5}"
EndProject
Project("{FAE04EC0-301F-11D3-BF4B-00C04F79EFBC}") = "Clinic.Authority.Application", "src\Authority\Clinic.Authority.Application\Clinic.Authority.Application.csproj", "{BD09F572-40D6-463C-9643-AF3606627E2A}"
EndProject
Project("{FAE04EC0-301F-11D3-BF4B-00C04F79EFBC}") = "Clinic.Authority.Domain", "src\Authority\Clinic.Authority.Domain\Clinic.Authority.Domain.csproj", "{49507406-3392-4229-8C85-C614C04AE19E}"
EndProject
Project("{FAE04EC0-301F-11D3-BF4B-00C04F79EFBC}") = "Clinic.Authority.Infrastructure", "src\Authority\Clinic.Authority.Infrastructure\Clinic.Authority.Infrastructure.csproj", "{70E29C9B-80BD-4261-995E-5B49392158B8}"
EndProject
Project("{FAE04EC0-301F-11D3-BF4B-00C04F79EFBC}") = "Clinic.Authority.Worker", "src\Authority\Clinic.Authority.Worker\Clinic.Authority.Worker.csproj", "{5C200F55-5CEC-4966-A591-3FBD19396097}"
EndProject
Project("{2150E333-8FDC-42A3-9474-1A3956D46DE8}") = "Client", "Client", "{C5A3B5EA-BE9F-76E5-E9B8-8A22B289B295}"
EndProject
Project("{FAE04EC0-301F-11D3-BF4B-00C04F79EFBC}") = "Clinic.Client.Application", "src\Client\Clinic.Client.Application\Clinic.Client.Application.csproj", "{C9047DEE-0DC5-4A44-ADB9-1F88A8B0CB80}"
EndProject
Project("{FAE04EC0-301F-11D3-BF4B-00C04F79EFBC}") = "Clinic.Client.Domain", "src\Client\Clinic.Client.Domain\Clinic.Client.Domain.csproj", "{E3AAF431-0A87-451F-9296-7394BE614252}"
EndProject
Project("{FAE04EC0-301F-11D3-BF4B-00C04F79EFBC}") = "Clinic.Client.Infrastructure", "src\Client\Clinic.Client.Infrastructure\Clinic.Client.Infrastructure.csproj", "{3C5EAA66-505C-44FA-B6DF-F32898B88F93}"
EndProject
Project("{FAE04EC0-301F-11D3-BF4B-00C04F79EFBC}") = "Clinic.Client.Sync", "src\Client\Clinic.Client.Sync\Clinic.Client.Sync.csproj", "{6149B119-57F7-4964-AD58-E8A3E5833364}"
EndProject
Project("{FAE04EC0-301F-11D3-BF4B-00C04F79EFBC}") = "Clinic.Client.Wpf", "src\Client\Clinic.Client.Wpf\Clinic.Client.Wpf.csproj", "{AF6C9EB6-5FB3-4B4A-AF8F-45966F30028A}"
EndProject
Project("{2150E333-8FDC-42A3-9474-1A3956D46DE8}") = "Contracts", "Contracts", "{FFBE31B8-50B9-B415-22BC-2F92C97CADA3}"
EndProject
Project("{FAE04EC0-301F-11D3-BF4B-00C04F79EFBC}") = "Clinic.Contracts", "src\Contracts\Clinic.Contracts\Clinic.Contracts.csproj", "{5D5C41FA-2BC6-41B4-AB4C-5E20BDEF6AE4}"
EndProject
Project("{2150E333-8FDC-42A3-9474-1A3956D46DE8}") = "tests", "tests", "{0AB3BF05-4346-4AA6-1389-037BE0695223}"
EndProject
Project("{2150E333-8FDC-42A3-9474-1A3956D46DE8}") = "Contract", "Contract", "{53506FF3-1087-91DB-5731-19A6F3C92276}"
EndProject
Project("{FAE04EC0-301F-11D3-BF4B-00C04F79EFBC}") = "Clinic.Contracts.Tests", "tests\Contract\Clinic.Contracts.Tests\Clinic.Contracts.Tests.csproj", "{36B01938-CA39-4FDD-B6CE-552E8BC5935B}"
EndProject
Project("{2150E333-8FDC-42A3-9474-1A3956D46DE8}") = "EndToEnd", "EndToEnd", "{1D4FD284-5CB4-2C98-E939-893B3B442FD3}"
EndProject
Project("{FAE04EC0-301F-11D3-BF4B-00C04F79EFBC}") = "Clinic.EndToEnd.Tests", "tests\EndToEnd\Clinic.EndToEnd.Tests\Clinic.EndToEnd.Tests.csproj", "{C477D33E-7417-455F-A3E3-9B5812D25760}"
EndProject
Project("{2150E333-8FDC-42A3-9474-1A3956D46DE8}") = "Integration", "Integration", "{28A6993C-471E-82FE-7D9E-AD3B1EC22BD9}"
EndProject
Project("{FAE04EC0-301F-11D3-BF4B-00C04F79EFBC}") = "Clinic.Authority.Infrastructure.Tests", "tests\Integration\Clinic.Authority.Infrastructure.Tests\Clinic.Authority.Infrastructure.Tests.csproj", "{9719666B-F423-44AC-AE46-A039AD878A47}"
EndProject
Project("{FAE04EC0-301F-11D3-BF4B-00C04F79EFBC}") = "Clinic.Client.Infrastructure.Tests", "tests\Integration\Clinic.Client.Infrastructure.Tests\Clinic.Client.Infrastructure.Tests.csproj", "{7389DFAC-62F7-48D9-8B6C-CBC63649A495}"
EndProject
Project("{FAE04EC0-301F-11D3-BF4B-00C04F79EFBC}") = "Clinic.Persistence.Integration.Tests", "tests\Integration\Clinic.Persistence.Integration.Tests\Clinic.Persistence.Integration.Tests.csproj", "{CCCB8F2B-AB62-4BE3-A092-52997F844108}"
EndProject
Project("{FAE04EC0-301F-11D3-BF4B-00C04F79EFBC}") = "Clinic.Sync.Integration.Tests", "tests\Integration\Clinic.Sync.Integration.Tests\Clinic.Sync.Integration.Tests.csproj", "{F4C1112F-92FF-438B-B3A7-4DFFCC99E421}"
EndProject
Project("{2150E333-8FDC-42A3-9474-1A3956D46DE8}") = "Unit", "Unit", "{9D556B49-86D1-93A7-9596-FFAAB74EC556}"
EndProject
Project("{FAE04EC0-301F-11D3-BF4B-00C04F79EFBC}") = "Clinic.Authority.Application.Tests", "tests\Unit\Clinic.Authority.Application.Tests\Clinic.Authority.Application.Tests.csproj", "{E01F461E-00E2-4027-A530-E5339BA749C2}"
EndProject
Project("{FAE04EC0-301F-11D3-BF4B-00C04F79EFBC}") = "Clinic.Authority.Domain.Tests", "tests\Unit\Clinic.Authority.Domain.Tests\Clinic.Authority.Domain.Tests.csproj", "{1EFDF411-512E-4817-89EE-33C3819EA538}"
EndProject
Project("{FAE04EC0-301F-11D3-BF4B-00C04F79EFBC}") = "Clinic.Client.Application.Tests", "tests\Unit\Clinic.Client.Application.Tests\Clinic.Client.Application.Tests.csproj", "{46643304-DD7D-4EBD-A048-AC4098714BDC}"
EndProject
Project("{FAE04EC0-301F-11D3-BF4B-00C04F79EFBC}") = "Clinic.Client.Domain.Tests", "tests\Unit\Clinic.Client.Domain.Tests\Clinic.Client.Domain.Tests.csproj", "{8047C2BB-7D98-4DEE-98B7-1EB7E79322AE}"
EndProject
Global
	GlobalSection(SolutionConfigurationPlatforms) = preSolution
		Debug|Any CPU = Debug|Any CPU
		Debug|x64 = Debug|x64
		Debug|x86 = Debug|x86
		Release|Any CPU = Release|Any CPU
		Release|x64 = Release|x64
		Release|x86 = Release|x86
	EndGlobalSection
	GlobalSection(ProjectConfigurationPlatforms) = postSolution
		{7DF8D791-C13C-466B-B8E6-B544482338D5}.Debug|Any CPU.ActiveCfg = Debug|Any CPU
		{7DF8D791-C13C-466B-B8E6-B544482338D5}.Debug|Any CPU.Build.0 = Debug|Any CPU
		{7DF8D791-C13C-466B-B8E6-B544482338D5}.Debug|x64.ActiveCfg = Debug|Any CPU
		{7DF8D791-C13C-466B-B8E6-B544482338D5}.Debug|x64.Build.0 = Debug|Any CPU
		{7DF8D791-C13C-466B-B8E6-B544482338D5}.Debug|x86.ActiveCfg = Debug|Any CPU
		{7DF8D791-C13C-466B-B8E6-B544482338D5}.Debug|x86.Build.0 = Debug|Any CPU
		{7DF8D791-C13C-466B-B8E6-B544482338D5}.Release|Any CPU.ActiveCfg = Release|Any CPU
		{7DF8D791-C13C-466B-B8E6-B544482338D5}.Release|Any CPU.Build.0 = Release|Any CPU
		{7DF8D791-C13C-466B-B8E6-B544482338D5}.Release|x64.ActiveCfg = Release|Any CPU
		{7DF8D791-C13C-466B-B8E6-B544482338D5}.Release|x64.Build.0 = Release|Any CPU
		{7DF8D791-C13C-466B-B8E6-B544482338D5}.Release|x86.ActiveCfg = Release|Any CPU
		{7DF8D791-C13C-466B-B8E6-B544482338D5}.Release|x86.Build.0 = Release|Any CPU
		{BD09F572-40D6-463C-9643-AF3606627E2A}.Debug|Any CPU.ActiveCfg = Debug|Any CPU
		{BD09F572-40D6-463C-9643-AF3606627E2A}.Debug|Any CPU.Build.0 = Debug|Any CPU
		{BD09F572-40D6-463C-9643-AF3606627E2A}.Debug|x64.ActiveCfg = Debug|Any CPU
		{BD09F572-40D6-463C-9643-AF3606627E2A}.Debug|x64.Build.0 = Debug|Any CPU
		{BD09F572-40D6-463C-9643-AF3606627E2A}.Debug|x86.ActiveCfg = Debug|Any CPU
		{BD09F572-40D6-463C-9643-AF3606627E2A}.Debug|x86.Build.0 = Debug|Any CPU
		{BD09F572-40D6-463C-9643-AF3606627E2A}.Release|Any CPU.ActiveCfg = Release|Any CPU
		{BD09F572-40D6-463C-9643-AF3606627E2A}.Release|Any CPU.Build.0 = Release|Any CPU
		{BD09F572-40D6-463C-9643-AF3606627E2A}.Release|x64.ActiveCfg = Release|Any CPU
		{BD09F572-40D6-463C-9643-AF3606627E2A}.Release|x64.Build.0 = Release|Any CPU
		{BD09F572-40D6-463C-9643-AF3606627E2A}.Release|x86.ActiveCfg = Release|Any CPU
		{BD09F572-40D6-463C-9643-AF3606627E2A}.Release|x86.Build.0 = Release|Any CPU
		{49507406-3392-4229-8C85-C614C04AE19E}.Debug|Any CPU.ActiveCfg = Debug|Any CPU
		{49507406-3392-4229-8C85-C614C04AE19E}.Debug|Any CPU.Build.0 = Debug|Any CPU
		{49507406-3392-4229-8C85-C614C04AE19E}.Debug|x64.ActiveCfg = Debug|Any CPU
		{49507406-3392-4229-8C85-C614C04AE19E}.Debug|x64.Build.0 = Debug|Any CPU
		{49507406-3392-4229-8C85-C614C04AE19E}.Debug|x86.ActiveCfg = Debug|Any CPU
		{49507406-3392-4229-8C85-C614C04AE19E}.Debug|x86.Build.0 = Debug|Any CPU
		{49507406-3392-4229-8C85-C614C04AE19E}.Release|Any CPU.ActiveCfg = Release|Any CPU
		{49507406-3392-4229-8C85-C614C04AE19E}.Release|Any CPU.Build.0 = Release|Any CPU
		{49507406-3392-4229-8C85-C614C04AE19E}.Release|x64.ActiveCfg = Release|Any CPU
		{49507406-3392-4229-8C85-C614C04AE19E}.Release|x64.Build.0 = Release|Any CPU
		{49507406-3392-4229-8C85-C614C04AE19E}.Release|x86.ActiveCfg = Release|Any CPU
		{49507406-3392-4229-8C85-C614C04AE19E}.Release|x86.Build.0 = Release|Any CPU
		{70E29C9B-80BD-4261-995E-5B49392158B8}.Debug|Any CPU.ActiveCfg = Debug|Any CPU
		{70E29C9B-80BD-4261-995E-5B49392158B8}.Debug|Any CPU.Build.0 = Debug|Any CPU
		{70E29C9B-80BD-4261-995E-5B49392158B8}.Debug|x64.ActiveCfg = Debug|Any CPU
		{70E29C9B-80BD-4261-995E-5B49392158B8}.Debug|x64.Build.0 = Debug|Any CPU
		{70E29C9B-80BD-4261-995E-5B49392158B8}.Debug|x86.ActiveCfg = Debug|Any CPU
		{70E29C9B-80BD-4261-995E-5B49392158B8}.Debug|x86.Build.0 = Debug|Any CPU
		{70E29C9B-80BD-4261-995E-5B49392158B8}.Release|Any CPU.ActiveCfg = Release|Any CPU
		{70E29C9B-80BD-4261-995E-5B49392158B8}.Release|Any CPU.Build.0 = Release|Any CPU
		{70E29C9B-80BD-4261-995E-5B49392158B8}.Release|x64.ActiveCfg = Release|Any CPU
		{70E29C9B-80BD-4261-995E-5B49392158B8}.Release|x64.Build.0 = Release|Any CPU
		{70E29C9B-80BD-4261-995E-5B49392158B8}.Release|x86.ActiveCfg = Release|Any CPU
		{70E29C9B-80BD-4261-995E-5B49392158B8}.Release|x86.Build.0 = Release|Any CPU
		{5C200F55-5CEC-4966-A591-3FBD19396097}.Debug|Any CPU.ActiveCfg = Debug|Any CPU
		{5C200F55-5CEC-4966-A591-3FBD19396097}.Debug|Any CPU.Build.0 = Debug|Any CPU
		{5C200F55-5CEC-4966-A591-3FBD19396097}.Debug|x64.ActiveCfg = Debug|Any CPU
		{5C200F55-5CEC-4966-A591-3FBD19396097}.Debug|x64.Build.0 = Debug|Any CPU
		{5C200F55-5CEC-4966-A591-3FBD19396097}.Debug|x86.ActiveCfg = Debug|Any CPU
		{5C200F55-5CEC-4966-A591-3FBD19396097}.Debug|x86.Build.0 = Debug|Any CPU
		{5C200F55-5CEC-4966-A591-3FBD19396097}.Release|Any CPU.ActiveCfg = Release|Any CPU
		{5C200F55-5CEC-4966-A591-3FBD19396097}.Release|Any CPU.Build.0 = Release|Any CPU
		{5C200F55-5CEC-4966-A591-3FBD19396097}.Release|x64.ActiveCfg = Release|Any CPU
		{5C200F55-5CEC-4966-A591-3FBD19396097}.Release|x64.Build.0 = Release|Any CPU
		{5C200F55-5CEC-4966-A591-3FBD19396097}.Release|x86.ActiveCfg = Release|Any CPU
		{5C200F55-5CEC-4966-A591-3FBD19396097}.Release|x86.Build.0 = Release|Any CPU
		{C9047DEE-0DC5-4A44-ADB9-1F88A8B0CB80}.Debug|Any CPU.ActiveCfg = Debug|Any CPU
		{C9047DEE-0DC5-4A44-ADB9-1F88A8B0CB80}.Debug|Any CPU.Build.0 = Debug|Any CPU
		{C9047DEE-0DC5-4A44-ADB9-1F88A8B0CB80}.Debug|x64.ActiveCfg = Debug|Any CPU
		{C9047DEE-0DC5-4A44-ADB9-1F88A8B0CB80}.Debug|x64.Build.0 = Debug|Any CPU
		{C9047DEE-0DC5-4A44-ADB9-1F88A8B0CB80}.Debug|x86.ActiveCfg = Debug|Any CPU
		{C9047DEE-0DC5-4A44-ADB9-1F88A8B0CB80}.Debug|x86.Build.0 = Debug|Any CPU
		{C9047DEE-0DC5-4A44-ADB9-1F88A8B0CB80}.Release|Any CPU.ActiveCfg = Release|Any CPU
		{C9047DEE-0DC5-4A44-ADB9-1F88A8B0CB80}.Release|Any CPU.Build.0 = Release|Any CPU
		{C9047DEE-0DC5-4A44-ADB9-1F88A8B0CB80}.Release|x64.ActiveCfg = Release|Any CPU
		{C9047DEE-0DC5-4A44-ADB9-1F88A8B0CB80}.Release|x64.Build.0 = Release|Any CPU
		{C9047DEE-0DC5-4A44-ADB9-1F88A8B0CB80}.Release|x86.ActiveCfg = Release|Any CPU
		{C9047DEE-0DC5-4A44-ADB9-1F88A8B0CB80}.Release|x86.Build.0 = Release|Any CPU
		{E3AAF431-0A87-451F-9296-7394BE614252}.Debug|Any CPU.ActiveCfg = Debug|Any CPU
		{E3AAF431-0A87-451F-9296-7394BE614252}.Debug|Any CPU.Build.0 = Debug|Any CPU
		{E3AAF431-0A87-451F-9296-7394BE614252}.Debug|x64.ActiveCfg = Debug|Any CPU
		{E3AAF431-0A87-451F-9296-7394BE614252}.Debug|x64.Build.0 = Debug|Any CPU
		{E3AAF431-0A87-451F-9296-7394BE614252}.Debug|x86.ActiveCfg = Debug|Any CPU
		{E3AAF431-0A87-451F-9296-7394BE614252}.Debug|x86.Build.0 = Debug|Any CPU
		{E3AAF431-0A87-451F-9296-7394BE614252}.Release|Any CPU.ActiveCfg = Release|Any CPU
		{E3AAF431-0A87-451F-9296-7394BE614252}.Release|Any CPU.Build.0 = Release|Any CPU
		{E3AAF431-0A87-451F-9296-7394BE614252}.Release|x64.ActiveCfg = Release|Any CPU
		{E3AAF431-0A87-451F-9296-7394BE614252}.Release|x64.Build.0 = Release|Any CPU
		{E3AAF431-0A87-451F-9296-7394BE614252}.Release|x86.ActiveCfg = Release|Any CPU
		{E3AAF431-0A87-451F-9296-7394BE614252}.Release|x86.Build.0 = Release|Any CPU
		{3C5EAA66-505C-44FA-B6DF-F32898B88F93}.Debug|Any CPU.ActiveCfg = Debug|Any CPU
		{3C5EAA66-505C-44FA-B6DF-F32898B88F93}.Debug|Any CPU.Build.0 = Debug|Any CPU
		{3C5EAA66-505C-44FA-B6DF-F32898B88F93}.Debug|x64.ActiveCfg = Debug|Any CPU
		{3C5EAA66-505C-44FA-B6DF-F32898B88F93}.Debug|x64.Build.0 = Debug|Any CPU
		{3C5EAA66-505C-44FA-B6DF-F32898B88F93}.Debug|x86.ActiveCfg = Debug|Any CPU
		{3C5EAA66-505C-44FA-B6DF-F32898B88F93}.Debug|x86.Build.0 = Debug|Any CPU
		{3C5EAA66-505C-44FA-B6DF-F32898B88F93}.Release|Any CPU.ActiveCfg = Release|Any CPU
		{3C5EAA66-505C-44FA-B6DF-F32898B88F93}.Release|Any CPU.Build.0 = Release|Any CPU
		{3C5EAA66-505C-44FA-B6DF-F32898B88F93}.Release|x64.ActiveCfg = Release|Any CPU
		{3C5EAA66-505C-44FA-B6DF-F32898B88F93}.Release|x64.Build.0 = Release|Any CPU
		{3C5EAA66-505C-44FA-B6DF-F32898B88F93}.Release|x86.ActiveCfg = Release|Any CPU
		{3C5EAA66-505C-44FA-B6DF-F32898B88F93}.Release|x86.Build.0 = Release|Any CPU
		{6149B119-57F7-4964-AD58-E8A3E5833364}.Debug|Any CPU.ActiveCfg = Debug|Any CPU
		{6149B119-57F7-4964-AD58-E8A3E5833364}.Debug|Any CPU.Build.0 = Debug|Any CPU
		{6149B119-57F7-4964-AD58-E8A3E5833364}.Debug|x64.ActiveCfg = Debug|Any CPU
		{6149B119-57F7-4964-AD58-E8A3E5833364}.Debug|x64.Build.0 = Debug|Any CPU
		{6149B119-57F7-4964-AD58-E8A3E5833364}.Debug|x86.ActiveCfg = Debug|Any CPU
		{6149B119-57F7-4964-AD58-E8A3E5833364}.Debug|x86.Build.0 = Debug|Any CPU
		{6149B119-57F7-4964-AD58-E8A3E5833364}.Release|Any CPU.ActiveCfg = Release|Any CPU
		{6149B119-57F7-4964-AD58-E8A3E5833364}.Release|Any CPU.Build.0 = Release|Any CPU
		{6149B119-57F7-4964-AD58-E8A3E5833364}.Release|x64.ActiveCfg = Release|Any CPU
		{6149B119-57F7-4964-AD58-E8A3E5833364}.Release|x64.Build.0 = Release|Any CPU
		{6149B119-57F7-4964-AD58-E8A3E5833364}.Release|x86.ActiveCfg = Release|Any CPU
		{6149B119-57F7-4964-AD58-E8A3E5833364}.Release|x86.Build.0 = Release|Any CPU
		{AF6C9EB6-5FB3-4B4A-AF8F-45966F30028A}.Debug|Any CPU.ActiveCfg = Debug|Any CPU
		{AF6C9EB6-5FB3-4B4A-AF8F-45966F30028A}.Debug|Any CPU.Build.0 = Debug|Any CPU
		{AF6C9EB6-5FB3-4B4A-AF8F-45966F30028A}.Debug|x64.ActiveCfg = Debug|Any CPU
		{AF6C9EB6-5FB3-4B4A-AF8F-45966F30028A}.Debug|x64.Build.0 = Debug|Any CPU
		{AF6C9EB6-5FB3-4B4A-AF8F-45966F30028A}.Debug|x86.ActiveCfg = Debug|Any CPU
		{AF6C9EB6-5FB3-4B4A-AF8F-45966F30028A}.Debug|x86.Build.0 = Debug|Any CPU
		{AF6C9EB6-5FB3-4B4A-AF8F-45966F30028A}.Release|Any CPU.ActiveCfg = Release|Any CPU
		{AF6C9EB6-5FB3-4B4A-AF8F-45966F30028A}.Release|Any CPU.Build.0 = Release|Any CPU
		{AF6C9EB6-5FB3-4B4A-AF8F-45966F30028A}.Release|x64.ActiveCfg = Release|Any CPU
		{AF6C9EB6-5FB3-4B4A-AF8F-45966F30028A}.Release|x64.Build.0 = Release|Any CPU
		{AF6C9EB6-5FB3-4B4A-AF8F-45966F30028A}.Release|x86.ActiveCfg = Release|Any CPU
		{AF6C9EB6-5FB3-4B4A-AF8F-45966F30028A}.Release|x86.Build.0 = Release|Any CPU
		{5D5C41FA-2BC6-41B4-AB4C-5E20BDEF6AE4}.Debug|Any CPU.ActiveCfg = Debug|Any CPU
		{5D5C41FA-2BC6-41B4-AB4C-5E20BDEF6AE4}.Debug|Any CPU.Build.0 = Debug|Any CPU
		{5D5C41FA-2BC6-41B4-AB4C-5E20BDEF6AE4}.Debug|x64.ActiveCfg = Debug|Any CPU
		{5D5C41FA-2BC6-41B4-AB4C-5E20BDEF6AE4}.Debug|x64.Build.0 = Debug|Any CPU
		{5D5C41FA-2BC6-41B4-AB4C-5E20BDEF6AE4}.Debug|x86.ActiveCfg = Debug|Any CPU
		{5D5C41FA-2BC6-41B4-AB4C-5E20BDEF6AE4}.Debug|x86.Build.0 = Debug|Any CPU
		{5D5C41FA-2BC6-41B4-AB4C-5E20BDEF6AE4}.Release|Any CPU.ActiveCfg = Release|Any CPU
		{5D5C41FA-2BC6-41B4-AB4C-5E20BDEF6AE4}.Release|Any CPU.Build.0 = Release|Any CPU
		{5D5C41FA-2BC6-41B4-AB4C-5E20BDEF6AE4}.Release|x64.ActiveCfg = Release|Any CPU
		{5D5C41FA-2BC6-41B4-AB4C-5E20BDEF6AE4}.Release|x64.Build.0 = Release|Any CPU
		{5D5C41FA-2BC6-41B4-AB4C-5E20BDEF6AE4}.Release|x86.ActiveCfg = Release|Any CPU
		{5D5C41FA-2BC6-41B4-AB4C-5E20BDEF6AE4}.Release|x86.Build.0 = Release|Any CPU
		{36B01938-CA39-4FDD-B6CE-552E8BC5935B}.Debug|Any CPU.ActiveCfg = Debug|Any CPU
		{36B01938-CA39-4FDD-B6CE-552E8BC5935B}.Debug|Any CPU.Build.0 = Debug|Any CPU
		{36B01938-CA39-4FDD-B6CE-552E8BC5935B}.Debug|x64.ActiveCfg = Debug|Any CPU
		{36B01938-CA39-4FDD-B6CE-552E8BC5935B}.Debug|x64.Build.0 = Debug|Any CPU
		{36B01938-CA39-4FDD-B6CE-552E8BC5935B}.Debug|x86.ActiveCfg = Debug|Any CPU
		{36B01938-CA39-4FDD-B6CE-552E8BC5935B}.Debug|x86.Build.0 = Debug|Any CPU
		{36B01938-CA39-4FDD-B6CE-552E8BC5935B}.Release|Any CPU.ActiveCfg = Release|Any CPU
		{36B01938-CA39-4FDD-B6CE-552E8BC5935B}.Release|Any CPU.Build.0 = Release|Any CPU
		{36B01938-CA39-4FDD-B6CE-552E8BC5935B}.Release|x64.ActiveCfg = Release|Any CPU
		{36B01938-CA39-4FDD-B6CE-552E8BC5935B}.Release|x64.Build.0 = Release|Any CPU
		{36B01938-CA39-4FDD-B6CE-552E8BC5935B}.Release|x86.ActiveCfg = Release|Any CPU
		{36B01938-CA39-4FDD-B6CE-552E8BC5935B}.Release|x86.Build.0 = Release|Any CPU
		{C477D33E-7417-455F-A3E3-9B5812D25760}.Debug|Any CPU.ActiveCfg = Debug|Any CPU
		{C477D33E-7417-455F-A3E3-9B5812D25760}.Debug|Any CPU.Build.0 = Debug|Any CPU
		{C477D33E-7417-455F-A3E3-9B5812D25760}.Debug|x64.ActiveCfg = Debug|Any CPU
		{C477D33E-7417-455F-A3E3-9B5812D25760}.Debug|x64.Build.0 = Debug|Any CPU
		{C477D33E-7417-455F-A3E3-9B5812D25760}.Debug|x86.ActiveCfg = Debug|Any CPU
		{C477D33E-7417-455F-A3E3-9B5812D25760}.Debug|x86.Build.0 = Debug|Any CPU
		{C477D33E-7417-455F-A3E3-9B5812D25760}.Release|Any CPU.ActiveCfg = Release|Any CPU
		{C477D33E-7417-455F-A3E3-9B5812D25760}.Release|Any CPU.Build.0 = Release|Any CPU
		{C477D33E-7417-455F-A3E3-9B5812D25760}.Release|x64.ActiveCfg = Release|Any CPU
		{C477D33E-7417-455F-A3E3-9B5812D25760}.Release|x64.Build.0 = Release|Any CPU
		{C477D33E-7417-455F-A3E3-9B5812D25760}.Release|x86.ActiveCfg = Release|Any CPU
		{C477D33E-7417-455F-A3E3-9B5812D25760}.Release|x86.Build.0 = Release|Any CPU
		{9719666B-F423-44AC-AE46-A039AD878A47}.Debug|Any CPU.ActiveCfg = Debug|Any CPU
		{9719666B-F423-44AC-AE46-A039AD878A47}.Debug|Any CPU.Build.0 = Debug|Any CPU
		{9719666B-F423-44AC-AE46-A039AD878A47}.Debug|x64.ActiveCfg = Debug|Any CPU
		{9719666B-F423-44AC-AE46-A039AD878A47}.Debug|x64.Build.0 = Debug|Any CPU
		{9719666B-F423-44AC-AE46-A039AD878A47}.Debug|x86.ActiveCfg = Debug|Any CPU
		{9719666B-F423-44AC-AE46-A039AD878A47}.Debug|x86.Build.0 = Debug|Any CPU
		{9719666B-F423-44AC-AE46-A039AD878A47}.Release|Any CPU.ActiveCfg = Release|Any CPU
		{9719666B-F423-44AC-AE46-A039AD878A47}.Release|Any CPU.Build.0 = Release|Any CPU
		{9719666B-F423-44AC-AE46-A039AD878A47}.Release|x64.ActiveCfg = Release|Any CPU
		{9719666B-F423-44AC-AE46-A039AD878A47}.Release|x64.Build.0 = Release|Any CPU
		{9719666B-F423-44AC-AE46-A039AD878A47}.Release|x86.ActiveCfg = Release|Any CPU
		{9719666B-F423-44AC-AE46-A039AD878A47}.Release|x86.Build.0 = Release|Any CPU
		{7389DFAC-62F7-48D9-8B6C-CBC63649A495}.Debug|Any CPU.ActiveCfg = Debug|Any CPU
		{7389DFAC-62F7-48D9-8B6C-CBC63649A495}.Debug|Any CPU.Build.0 = Debug|Any CPU
		{7389DFAC-62F7-48D9-8B6C-CBC63649A495}.Debug|x64.ActiveCfg = Debug|Any CPU
		{7389DFAC-62F7-48D9-8B6C-CBC63649A495}.Debug|x64.Build.0 = Debug|Any CPU
		{7389DFAC-62F7-48D9-8B6C-CBC63649A495}.Debug|x86.ActiveCfg = Debug|Any CPU
		{7389DFAC-62F7-48D9-8B6C-CBC63649A495}.Debug|x86.Build.0 = Debug|Any CPU
		{7389DFAC-62F7-48D9-8B6C-CBC63649A495}.Release|Any CPU.ActiveCfg = Release|Any CPU
		{7389DFAC-62F7-48D9-8B6C-CBC63649A495}.Release|Any CPU.Build.0 = Release|Any CPU
		{7389DFAC-62F7-48D9-8B6C-CBC63649A495}.Release|x64.ActiveCfg = Release|Any CPU
		{7389DFAC-62F7-48D9-8B6C-CBC63649A495}.Release|x64.Build.0 = Release|Any CPU
		{7389DFAC-62F7-48D9-8B6C-CBC63649A495}.Release|x86.ActiveCfg = Release|Any CPU
		{7389DFAC-62F7-48D9-8B6C-CBC63649A495}.Release|x86.Build.0 = Release|Any CPU
		{CCCB8F2B-AB62-4BE3-A092-52997F844108}.Debug|Any CPU.ActiveCfg = Debug|Any CPU
		{CCCB8F2B-AB62-4BE3-A092-52997F844108}.Debug|Any CPU.Build.0 = Debug|Any CPU
		{CCCB8F2B-AB62-4BE3-A092-52997F844108}.Debug|x64.ActiveCfg = Debug|Any CPU
		{CCCB8F2B-AB62-4BE3-A092-52997F844108}.Debug|x64.Build.0 = Debug|Any CPU
		{CCCB8F2B-AB62-4BE3-A092-52997F844108}.Debug|x86.ActiveCfg = Debug|Any CPU
		{CCCB8F2B-AB62-4BE3-A092-52997F844108}.Debug|x86.Build.0 = Debug|Any CPU
		{CCCB8F2B-AB62-4BE3-A092-52997F844108}.Release|Any CPU.ActiveCfg = Release|Any CPU
		{CCCB8F2B-AB62-4BE3-A092-52997F844108}.Release|Any CPU.Build.0 = Release|Any CPU
		{CCCB8F2B-AB62-4BE3-A092-52997F844108}.Release|x64.ActiveCfg = Release|Any CPU
		{CCCB8F2B-AB62-4BE3-A092-52997F844108}.Release|x64.Build.0 = Release|Any CPU
		{CCCB8F2B-AB62-4BE3-A092-52997F844108}.Release|x86.ActiveCfg = Release|Any CPU
		{CCCB8F2B-AB62-4BE3-A092-52997F844108}.Release|x86.Build.0 = Release|Any CPU
		{F4C1112F-92FF-438B-B3A7-4DFFCC99E421}.Debug|Any CPU.ActiveCfg = Debug|Any CPU
		{F4C1112F-92FF-438B-B3A7-4DFFCC99E421}.Debug|Any CPU.Build.0 = Debug|Any CPU
		{F4C1112F-92FF-438B-B3A7-4DFFCC99E421}.Debug|x64.ActiveCfg = Debug|Any CPU
		{F4C1112F-92FF-438B-B3A7-4DFFCC99E421}.Debug|x64.Build.0 = Debug|Any CPU
		{F4C1112F-92FF-438B-B3A7-4DFFCC99E421}.Debug|x86.ActiveCfg = Debug|Any CPU
		{F4C1112F-92FF-438B-B3A7-4DFFCC99E421}.Debug|x86.Build.0 = Debug|Any CPU
		{F4C1112F-92FF-438B-B3A7-4DFFCC99E421}.Release|Any CPU.ActiveCfg = Release|Any CPU
		{F4C1112F-92FF-438B-B3A7-4DFFCC99E421}.Release|Any CPU.Build.0 = Release|Any CPU
		{F4C1112F-92FF-438B-B3A7-4DFFCC99E421}.Release|x64.ActiveCfg = Release|Any CPU
		{F4C1112F-92FF-438B-B3A7-4DFFCC99E421}.Release|x64.Build.0 = Release|Any CPU
		{F4C1112F-92FF-438B-B3A7-4DFFCC99E421}.Release|x86.ActiveCfg = Release|Any CPU
		{F4C1112F-92FF-438B-B3A7-4DFFCC99E421}.Release|x86.Build.0 = Release|Any CPU
		{E01F461E-00E2-4027-A530-E5339BA749C2}.Debug|Any CPU.ActiveCfg = Debug|Any CPU
		{E01F461E-00E2-4027-A530-E5339BA749C2}.Debug|Any CPU.Build.0 = Debug|Any CPU
		{E01F461E-00E2-4027-A530-E5339BA749C2}.Debug|x64.ActiveCfg = Debug|Any CPU
		{E01F461E-00E2-4027-A530-E5339BA749C2}.Debug|x64.Build.0 = Debug|Any CPU
		{E01F461E-00E2-4027-A530-E5339BA749C2}.Debug|x86.ActiveCfg = Debug|Any CPU
		{E01F461E-00E2-4027-A530-E5339BA749C2}.Debug|x86.Build.0 = Debug|Any CPU
		{E01F461E-00E2-4027-A530-E5339BA749C2}.Release|Any CPU.ActiveCfg = Release|Any CPU
		{E01F461E-00E2-4027-A530-E5339BA749C2}.Release|Any CPU.Build.0 = Release|Any CPU
		{E01F461E-00E2-4027-A530-E5339BA749C2}.Release|x64.ActiveCfg = Release|Any CPU
		{E01F461E-00E2-4027-A530-E5339BA749C2}.Release|x64.Build.0 = Release|Any CPU
		{E01F461E-00E2-4027-A530-E5339BA749C2}.Release|x86.ActiveCfg = Release|Any CPU
		{E01F461E-00E2-4027-A530-E5339BA749C2}.Release|x86.Build.0 = Release|Any CPU
		{1EFDF411-512E-4817-89EE-33C3819EA538}.Debug|Any CPU.ActiveCfg = Debug|Any CPU
		{1EFDF411-512E-4817-89EE-33C3819EA538}.Debug|Any CPU.Build.0 = Debug|Any CPU
		{1EFDF411-512E-4817-89EE-33C3819EA538}.Debug|x64.ActiveCfg = Debug|Any CPU
		{1EFDF411-512E-4817-89EE-33C3819EA538}.Debug|x64.Build.0 = Debug|Any CPU
		{1EFDF411-512E-4817-89EE-33C3819EA538}.Debug|x86.ActiveCfg = Debug|Any CPU
		{1EFDF411-512E-4817-89EE-33C3819EA538}.Debug|x86.Build.0 = Debug|Any CPU
		{1EFDF411-512E-4817-89EE-33C3819EA538}.Release|Any CPU.ActiveCfg = Release|Any CPU
		{1EFDF411-512E-4817-89EE-33C3819EA538}.Release|Any CPU.Build.0 = Release|Any CPU
		{1EFDF411-512E-4817-89EE-33C3819EA538}.Release|x64.ActiveCfg = Release|Any CPU
		{1EFDF411-512E-4817-89EE-33C3819EA538}.Release|x64.Build.0 = Release|Any CPU
		{1EFDF411-512E-4817-89EE-33C3819EA538}.Release|x86.ActiveCfg = Release|Any CPU
		{1EFDF411-512E-4817-89EE-33C3819EA538}.Release|x86.Build.0 = Release|Any CPU
		{46643304-DD7D-4EBD-A048-AC4098714BDC}.Debug|Any CPU.ActiveCfg = Debug|Any CPU
		{46643304-DD7D-4EBD-A048-AC4098714BDC}.Debug|Any CPU.Build.0 = Debug|Any CPU
		{46643304-DD7D-4EBD-A048-AC4098714BDC}.Debug|x64.ActiveCfg = Debug|Any CPU
		{46643304-DD7D-4EBD-A048-AC4098714BDC}.Debug|x64.Build.0 = Debug|Any CPU
		{46643304-DD7D-4EBD-A048-AC4098714BDC}.Debug|x86.ActiveCfg = Debug|Any CPU
		{46643304-DD7D-4EBD-A048-AC4098714BDC}.Debug|x86.Build.0 = Debug|Any CPU
		{46643304-DD7D-4EBD-A048-AC4098714BDC}.Release|Any CPU.ActiveCfg = Release|Any CPU
		{46643304-DD7D-4EBD-A048-AC4098714BDC}.Release|Any CPU.Build.0 = Release|Any CPU
		{46643304-DD7D-4EBD-A048-AC4098714BDC}.Release|x64.ActiveCfg = Release|Any CPU
		{46643304-DD7D-4EBD-A048-AC4098714BDC}.Release|x64.Build.0 = Release|Any CPU
		{46643304-DD7D-4EBD-A048-AC4098714BDC}.Release|x86.ActiveCfg = Release|Any CPU
		{46643304-DD7D-4EBD-A048-AC4098714BDC}.Release|x86.Build.0 = Release|Any CPU
		{8047C2BB-7D98-4DEE-98B7-1EB7E79322AE}.Debug|Any CPU.ActiveCfg = Debug|Any CPU
		{8047C2BB-7D98-4DEE-98B7-1EB7E79322AE}.Debug|Any CPU.Build.0 = Debug|Any CPU
		{8047C2BB-7D98-4DEE-98B7-1EB7E79322AE}.Debug|x64.ActiveCfg = Debug|Any CPU
		{8047C2BB-7D98-4DEE-98B7-1EB7E79322AE}.Debug|x64.Build.0 = Debug|Any CPU
		{8047C2BB-7D98-4DEE-98B7-1EB7E79322AE}.Debug|x86.ActiveCfg = Debug|Any CPU
		{8047C2BB-7D98-4DEE-98B7-1EB7E79322AE}.Debug|x86.Build.0 = Debug|Any CPU
		{8047C2BB-7D98-4DEE-98B7-1EB7E79322AE}.Release|Any CPU.ActiveCfg = Release|Any CPU
		{8047C2BB-7D98-4DEE-98B7-1EB7E79322AE}.Release|Any CPU.Build.0 = Release|Any CPU
		{8047C2BB-7D98-4DEE-98B7-1EB7E79322AE}.Release|x64.ActiveCfg = Release|Any CPU
		{8047C2BB-7D98-4DEE-98B7-1EB7E79322AE}.Release|x64.Build.0 = Release|Any CPU
		{8047C2BB-7D98-4DEE-98B7-1EB7E79322AE}.Release|x86.ActiveCfg = Release|Any CPU
		{8047C2BB-7D98-4DEE-98B7-1EB7E79322AE}.Release|x86.Build.0 = Release|Any CPU
	EndGlobalSection
	GlobalSection(SolutionProperties) = preSolution
		HideSolutionNode = FALSE
	EndGlobalSection
	GlobalSection(NestedProjects) = preSolution
		{D6C6F9FA-5BC1-ABB9-24E0-DD94CEBFC42E} = {827E0CD3-B72D-47B6-A68D-7590B98EB39B}
		{7DF8D791-C13C-466B-B8E6-B544482338D5} = {D6C6F9FA-5BC1-ABB9-24E0-DD94CEBFC42E}
		{BD09F572-40D6-463C-9643-AF3606627E2A} = {D6C6F9FA-5BC1-ABB9-24E0-DD94CEBFC42E}
		{49507406-3392-4229-8C85-C614C04AE19E} = {D6C6F9FA-5BC1-ABB9-24E0-DD94CEBFC42E}
		{70E29C9B-80BD-4261-995E-5B49392158B8} = {D6C6F9FA-5BC1-ABB9-24E0-DD94CEBFC42E}
		{5C200F55-5CEC-4966-A591-3FBD19396097} = {D6C6F9FA-5BC1-ABB9-24E0-DD94CEBFC42E}
		{C5A3B5EA-BE9F-76E5-E9B8-8A22B289B295} = {827E0CD3-B72D-47B6-A68D-7590B98EB39B}
		{C9047DEE-0DC5-4A44-ADB9-1F88A8B0CB80} = {C5A3B5EA-BE9F-76E5-E9B8-8A22B289B295}
		{E3AAF431-0A87-451F-9296-7394BE614252} = {C5A3B5EA-BE9F-76E5-E9B8-8A22B289B295}
		{3C5EAA66-505C-44FA-B6DF-F32898B88F93} = {C5A3B5EA-BE9F-76E5-E9B8-8A22B289B295}
		{6149B119-57F7-4964-AD58-E8A3E5833364} = {C5A3B5EA-BE9F-76E5-E9B8-8A22B289B295}
		{AF6C9EB6-5FB3-4B4A-AF8F-45966F30028A} = {C5A3B5EA-BE9F-76E5-E9B8-8A22B289B295}
		{FFBE31B8-50B9-B415-22BC-2F92C97CADA3} = {827E0CD3-B72D-47B6-A68D-7590B98EB39B}
		{5D5C41FA-2BC6-41B4-AB4C-5E20BDEF6AE4} = {FFBE31B8-50B9-B415-22BC-2F92C97CADA3}
		{53506FF3-1087-91DB-5731-19A6F3C92276} = {0AB3BF05-4346-4AA6-1389-037BE0695223}
		{36B01938-CA39-4FDD-B6CE-552E8BC5935B} = {53506FF3-1087-91DB-5731-19A6F3C92276}
		{1D4FD284-5CB4-2C98-E939-893B3B442FD3} = {0AB3BF05-4346-4AA6-1389-037BE0695223}
		{C477D33E-7417-455F-A3E3-9B5812D25760} = {1D4FD284-5CB4-2C98-E939-893B3B442FD3}
		{28A6993C-471E-82FE-7D9E-AD3B1EC22BD9} = {0AB3BF05-4346-4AA6-1389-037BE0695223}
		{9719666B-F423-44AC-AE46-A039AD878A47} = {28A6993C-471E-82FE-7D9E-AD3B1EC22BD9}
		{7389DFAC-62F7-48D9-8B6C-CBC63649A495} = {28A6993C-471E-82FE-7D9E-AD3B1EC22BD9}
		{CCCB8F2B-AB62-4BE3-A092-52997F844108} = {28A6993C-471E-82FE-7D9E-AD3B1EC22BD9}
		{F4C1112F-92FF-438B-B3A7-4DFFCC99E421} = {28A6993C-471E-82FE-7D9E-AD3B1EC22BD9}
		{9D556B49-86D1-93A7-9596-FFAAB74EC556} = {0AB3BF05-4346-4AA6-1389-037BE0695223}
		{E01F461E-00E2-4027-A530-E5339BA749C2} = {9D556B49-86D1-93A7-9596-FFAAB74EC556}
		{1EFDF411-512E-4817-89EE-33C3819EA538} = {9D556B49-86D1-93A7-9596-FFAAB74EC556}
		{46643304-DD7D-4EBD-A048-AC4098714BDC} = {9D556B49-86D1-93A7-9596-FFAAB74EC556}
		{8047C2BB-7D98-4DEE-98B7-1EB7E79322AE} = {9D556B49-86D1-93A7-9596-FFAAB74EC556}
	EndGlobalSection
EndGlobal
